# This file was autogenerated by uv via the following command:
#    uv pip compile --extra dev pyproject.toml -o uv.lock
aio-pika==9.5.7
    # via sentra-core (pyproject.toml)
aiormq==6.9.0
    # via aio-pika
annotated-types==0.7.0
    # via pydantic
attrs==25.3.0
    # via
    #   jsonschema
    #   referencing
bcrypt==4.3.0
    # via passlib
coverage==7.10.4
    # via pytest-cov
debugpy==1.8.15
    # via sentra-core (pyproject.toml)
dnspython==2.7.0
    # via pymongo
greenlet==3.2.4
    # via sqlalchemy
idna==3.10
    # via yarl
iniconfig==2.1.0
    # via pytest
jsonschema==4.25.1
    # via sentra-core (pyproject.toml)
jsonschema-specifications==2025.4.1
    # via jsonschema
multidict==6.6.4
    # via yarl
packaging==25.0
    # via pytest
pamqp==3.3.0
    # via aiormq
passlib==1.7.4
    # via sentra-core (pyproject.toml)
pluggy==1.6.0
    # via
    #   pytest
    #   pytest-cov
propcache==0.3.2
    # via yarl
psycopg2-binary==2.9.10
    # via sentra-core (pyproject.toml)
pydantic==2.11.7
    # via
    #   sentra-core (pyproject.toml)
    #   pydantic-settings
pydantic-core==2.33.2
    # via pydantic
pydantic-settings==2.10.1
    # via sentra-core (pyproject.toml)
pygments==2.19.2
    # via pytest
pymongo==4.14.1
    # via sentra-core (pyproject.toml)
pytest==8.4.1
    # via
    #   sentra-core (pyproject.toml)
    #   pytest-asyncio
    #   pytest-cov
    #   pytest-mock
pytest-asyncio==1.1.0
    # via sentra-core (pyproject.toml)
pytest-cov==6.2.1
    # via sentra-core (pyproject.toml)
pytest-mock==3.14.1
    # via sentra-core (pyproject.toml)
python-dotenv==1.1.1
    # via pydantic-settings
referencing==0.36.2
    # via
    #   jsonschema
    #   jsonschema-specifications
rpds-py==0.27.0
    # via
    #   jsonschema
    #   referencing
sqlalchemy==2.0.43
    # via sentra-core (pyproject.toml)
typing-extensions==4.14.1
    # via
    #   pydantic
    #   pydantic-core
    #   referencing
    #   sqlalchemy
    #   typing-inspection
typing-inspection==0.4.1
    # via
    #   pydantic
    #   pydantic-settings
yarl==1.20.1
    # via
    #   aio-pika
    #   aiormq
