Microsoft Visual Studio Solution File, Format Version 12.00
# Visual Studio Version 17
VisualStudioVersion = 17.8.0.0
MinimumVisualStudioVersion = 17.8.0.0
Project("{9A19103F-16F7-4668-BE54-9A1E7A4F7556}") = "Sentra.AppHost", "Sentra.AppHost\Sentra.AppHost.csproj", "{6C76FAC9-E6B2-420D-85DE-90AB82F407D9}"
EndProject
Project("{9A19103F-16F7-4668-BE54-9A1E7A4F7556}") = "Sentra.ServiceDefaults", "Sentra.ServiceDefaults\Sentra.ServiceDefaults.csproj", "{CD159DA1-5F1C-44CC-8ADD-A2FF68330116}"
EndProject
Project("{9A19103F-16F7-4668-BE54-9A1E7A4F7556}") = "Sentra.Api", "Sentra.Api\Sentra.Api.csproj", "{379861BE-C63A-484C-8745-223299AE1533}"
EndProject
Project("{9A19103F-16F7-4668-BE54-9A1E7A4F7556}") = "Sentra.Tests", "Sentra.Tests\Sentra.Tests.csproj", "{2CF80D21-D449-414B-96BD-B2529BFFDC0C}"
EndProject
Project("{9A19103F-16F7-4668-BE54-9A1E7A4F7556}") = "Sentra.Web", "Sentra.Web\Sentra.Web.csproj", "{F51397FA-5E66-441D-B46B-AED2DBEF9FE0}"
EndProject
Global
	GlobalSection(SolutionConfigurationPlatforms) = preSolution
		Debug|Any CPU = Debug|Any CPU
		Release|Any CPU = Release|Any CPU
	EndGlobalSection
	GlobalSection(ProjectConfigurationPlatforms) = postSolution
		{6C76FAC9-E6B2-420D-85DE-90AB82F407D9}.Debug|Any CPU.ActiveCfg = Debug|Any CPU
		{6C76FAC9-E6B2-420D-85DE-90AB82F407D9}.Debug|Any CPU.Build.0 = Debug|Any CPU
		{6C76FAC9-E6B2-420D-85DE-90AB82F407D9}.Release|Any CPU.ActiveCfg = Release|Any CPU
		{6C76FAC9-E6B2-420D-85DE-90AB82F407D9}.Release|Any CPU.Build.0 = Release|Any CPU
		{CD159DA1-5F1C-44CC-8ADD-A2FF68330116}.Debug|Any CPU.ActiveCfg = Debug|Any CPU
		{CD159DA1-5F1C-44CC-8ADD-A2FF68330116}.Debug|Any CPU.Build.0 = Debug|Any CPU
		{CD159DA1-5F1C-44CC-8ADD-A2FF68330116}.Release|Any CPU.ActiveCfg = Release|Any CPU
		{CD159DA1-5F1C-44CC-8ADD-A2FF68330116}.Release|Any CPU.Build.0 = Release|Any CPU
		{379861BE-C63A-484C-8745-223299AE1533}.Debug|Any CPU.ActiveCfg = Debug|Any CPU
		{379861BE-C63A-484C-8745-223299AE1533}.Debug|Any CPU.Build.0 = Debug|Any CPU
		{379861BE-C63A-484C-8745-223299AE1533}.Release|Any CPU.ActiveCfg = Release|Any CPU
		{379861BE-C63A-484C-8745-223299AE1533}.Release|Any CPU.Build.0 = Release|Any CPU
		{2CF80D21-D449-414B-96BD-B2529BFFDC0C}.Debug|Any CPU.ActiveCfg = Debug|Any CPU
		{2CF80D21-D449-414B-96BD-B2529BFFDC0C}.Debug|Any CPU.Build.0 = Debug|Any CPU
		{2CF80D21-D449-414B-96BD-B2529BFFDC0C}.Release|Any CPU.ActiveCfg = Release|Any CPU
		{2CF80D21-D449-414B-96BD-B2529BFFDC0C}.Release|Any CPU.Build.0 = Release|Any CPU
		{F51397FA-5E66-441D-B46B-AED2DBEF9FE0}.Debug|Any CPU.ActiveCfg = Debug|Any CPU
		{F51397FA-5E66-441D-B46B-AED2DBEF9FE0}.Debug|Any CPU.Build.0 = Debug|Any CPU
		{F51397FA-5E66-441D-B46B-AED2DBEF9FE0}.Release|Any CPU.ActiveCfg = Release|Any CPU
		{F51397FA-5E66-441D-B46B-AED2DBEF9FE0}.Release|Any CPU.Build.0 = Release|Any CPU
	EndGlobalSection
	GlobalSection(SolutionProperties) = preSolution
		HideSolutionNode = FALSE
	EndGlobalSection
	GlobalSection(ExtensibilityGlobals) = postSolution
		SolutionGuid = {877800E8-C9F2-4880-BF62-413A7BF67AEE}
	EndGlobalSection
EndGlobal
